
Microsoft Visual Studio Solution File, Format Version 12.00
# Visual Studio Version 17
VisualStudioVersion = 17.0.32112.339
MinimumVisualStudioVersion = 10.0.40219.1
Project("{FAE04EC0-301F-11D3-BF4B-00C04F79EFBC}") = "HW6", "HW6\HW6.csproj", "{2BC1ABD3-788C-4402-AD85-0B41D08207B6}"
EndProject
Global
	GlobalSection(SolutionConfigurationPlatforms) = preSolution
		Debug|Any CPU = Debug|Any CPU
		Release|Any CPU = Release|Any CPU
	EndGlobalSection
	GlobalSection(ProjectConfigurationPlatforms) = postSolution
		{2BC1ABD3-788C-4402-AD85-0B41D08207B6}.Debug|Any CPU.ActiveCfg = Debug|Any CPU
		{2BC1ABD3-788C-4402-AD85-0B41D08207B6}.Debug|Any CPU.Build.0 = Debug|Any CPU
		{2BC1ABD3-788C-4402-AD85-0B41D08207B6}.Release|Any CPU.ActiveCfg = Release|Any CPU
		{2BC1ABD3-788C-4402-AD85-0B41D08207B6}.Release|Any CPU.Build.0 = Release|Any CPU
	EndGlobalSection
	GlobalSection(SolutionProperties) = preSolution
		HideSolutionNode = FALSE
	EndGlobalSection
	GlobalSection(ExtensibilityGlobals) = postSolution
		SolutionGuid = {4DD08F04-5366-4CF5-AD3A-788A52657AD5}
	EndGlobalSection
EndGlobal
